
Microsoft Visual Studio Solution File, Format Version 12.00
# Visual Studio Version 17
VisualStudioVersion = 17.9.34728.123
MinimumVisualStudioVersion = 10.0.40219.1
Project("{FAE04EC0-301F-11D3-BF4B-00C04F79EFBC}") = "Atelier", "Atelier\Atelier.csproj", "{C63D1925-2D41-4042-BBB5-760501A3951A}"
EndProject
Global
	GlobalSection(SolutionConfigurationPlatforms) = preSolution
		Debug|Any CPU = Debug|Any CPU
		Release|Any CPU = Release|Any CPU
	EndGlobalSection
	GlobalSection(ProjectConfigurationPlatforms) = postSolution
		{C63D1925-2D41-4042-BBB5-760501A3951A}.Debug|Any CPU.ActiveCfg = Debug|Any CPU
		{C63D1925-2D41-4042-BBB5-760501A3951A}.Debug|Any CPU.Build.0 = Debug|Any CPU
		{C63D1925-2D41-4042-BBB5-760501A3951A}.Release|Any CPU.ActiveCfg = Release|Any CPU
		{C63D1925-2D41-4042-BBB5-760501A3951A}.Release|Any CPU.Build.0 = Release|Any CPU
	EndGlobalSection
	GlobalSection(SolutionProperties) = preSolution
		HideSolutionNode = FALSE
	EndGlobalSection
	GlobalSection(ExtensibilityGlobals) = postSolution
		SolutionGuid = {4C259FE9-B8FA-4A9B-8993-F1F1192FBF4B}
	EndGlobalSection
EndGlobal
